
Microsoft Visual Studio Solution File, Format Version 12.00
# Visual Studio Version 16
VisualStudioVersion = 16.0.29519.87
MinimumVisualStudioVersion = 10.0.40219.1
Project("{FAE04EC0-301F-11D3-BF4B-00C04F79EFBC}") = "AssemblyMgrRevit", "AssemblyMgrRevit.csproj", "{7A3C0404-4A7A-4E8C-80C8-677A304FEF4F}"
EndProject
Project("{9A19103F-16F7-4668-BE54-9A1E7A4F7556}") = "UnitTests", "UnitTests\UnitTests.csproj", "{32F8EA71-6051-41AE-9AA1-F22AC7758DE3}"
EndProject
Project("{FAE04EC0-301F-11D3-BF4B-00C04F79EFBC}") = "AssemblyMgrUI", "AssemblyManagerUI\AssemblyMgrUI.csproj", "{1079F884-8455-4762-BB65-B9BED40C16BF}"
EndProject
Project("{FAE04EC0-301F-11D3-BF4B-00C04F79EFBC}") = "AssemblyMgrCore", "..\AssemblyManagerCore\AssemblyMgrCore.csproj", "{DF7F45A1-BFE4-4E65-98E5-4A03BD6DF6B2}"
EndProject
Global
	GlobalSection(SolutionConfigurationPlatforms) = preSolution
		Debug|Any CPU = Debug|Any CPU
		Release|Any CPU = Release|Any CPU
	EndGlobalSection
	GlobalSection(ProjectConfigurationPlatforms) = postSolution
		{7A3C0404-4A7A-4E8C-80C8-677A304FEF4F}.Debug|Any CPU.ActiveCfg = Debug|Any CPU
		{7A3C0404-4A7A-4E8C-80C8-677A304FEF4F}.Debug|Any CPU.Build.0 = Debug|Any CPU
		{7A3C0404-4A7A-4E8C-80C8-677A304FEF4F}.Release|Any CPU.ActiveCfg = Release|Any CPU
		{7A3C0404-4A7A-4E8C-80C8-677A304FEF4F}.Release|Any CPU.Build.0 = Release|Any CPU
		{32F8EA71-6051-41AE-9AA1-F22AC7758DE3}.Debug|Any CPU.ActiveCfg = Debug|Any CPU
		{32F8EA71-6051-41AE-9AA1-F22AC7758DE3}.Debug|Any CPU.Build.0 = Debug|Any CPU
		{32F8EA71-6051-41AE-9AA1-F22AC7758DE3}.Release|Any CPU.ActiveCfg = Release|Any CPU
		{32F8EA71-6051-41AE-9AA1-F22AC7758DE3}.Release|Any CPU.Build.0 = Release|Any CPU
		{1079F884-8455-4762-BB65-B9BED40C16BF}.Debug|Any CPU.ActiveCfg = Debug|Any CPU
		{1079F884-8455-4762-BB65-B9BED40C16BF}.Debug|Any CPU.Build.0 = Debug|Any CPU
		{1079F884-8455-4762-BB65-B9BED40C16BF}.Release|Any CPU.ActiveCfg = Release|Any CPU
		{1079F884-8455-4762-BB65-B9BED40C16BF}.Release|Any CPU.Build.0 = Release|Any CPU
		{DF7F45A1-BFE4-4E65-98E5-4A03BD6DF6B2}.Debug|Any CPU.ActiveCfg = Debug|Any CPU
		{DF7F45A1-BFE4-4E65-98E5-4A03BD6DF6B2}.Debug|Any CPU.Build.0 = Debug|Any CPU
		{DF7F45A1-BFE4-4E65-98E5-4A03BD6DF6B2}.Release|Any CPU.ActiveCfg = Release|Any CPU
		{DF7F45A1-BFE4-4E65-98E5-4A03BD6DF6B2}.Release|Any CPU.Build.0 = Release|Any CPU
	EndGlobalSection
	GlobalSection(SolutionProperties) = preSolution
		HideSolutionNode = FALSE
	EndGlobalSection
	GlobalSection(ExtensibilityGlobals) = postSolution
		SolutionGuid = {15671C7D-E152-45EC-B7E3-5335163BC268}
	EndGlobalSection
EndGlobal
